// !$*UTF8*$!
{
	archiveVersion = 1;
	classes = {
	};
	objectVersion = 50;
	objects = {

/* Begin PBXBuildFile section */
		B20FA25F25E526DE0055C132 /* MainViewController.swift in Sources */ = {isa = PBXBuildFile; fileRef = B20FA25E25E526DE0055C132 /* MainViewController.swift */; };
		B20FA26325E52CE10055C132 /* QuotesCollectionViewCell.swift in Sources */ = {isa = PBXBuildFile; fileRef = B20FA26125E52CE10055C132 /* QuotesCollectionViewCell.swift */; };
		B20FA26425E52CE10055C132 /* QuotesCollectionViewCell.xib in Resources */ = {isa = PBXBuildFile; fileRef = B20FA26225E52CE10055C132 /* QuotesCollectionViewCell.xib */; };
		B20FA26825E53B510055C132 /* FeelingsCollectionViewCell.swift in Sources */ = {isa = PBXBuildFile; fileRef = B20FA26625E53B510055C132 /* FeelingsCollectionViewCell.swift */; };
		B20FA26925E53B510055C132 /* FeelingsCollectionViewCell.xib in Resources */ = {isa = PBXBuildFile; fileRef = B20FA26725E53B510055C132 /* FeelingsCollectionViewCell.xib */; };
		B2741A2225E40760002D92E4 /* LoginViewController.swift in Sources */ = {isa = PBXBuildFile; fileRef = B2741A2125E40760002D92E4 /* LoginViewController.swift */; };
		B2A405A925EE121400D90693 /* Feelings.swift in Sources */ = {isa = PBXBuildFile; fileRef = B2A405A825EE121400D90693 /* Feelings.swift */; };
		B2A405AC25EE122200D90693 /* Quotes.swift in Sources */ = {isa = PBXBuildFile; fileRef = B2A405AB25EE122200D90693 /* Quotes.swift */; };
		B2BED8FB25E3E28D00B23A93 /* AppDelegate.swift in Sources */ = {isa = PBXBuildFile; fileRef = B2BED8FA25E3E28D00B23A93 /* AppDelegate.swift */; };
		B2BED8FD25E3E28D00B23A93 /* SceneDelegate.swift in Sources */ = {isa = PBXBuildFile; fileRef = B2BED8FC25E3E28D00B23A93 /* SceneDelegate.swift */; };
		B2BED8FF25E3E28D00B23A93 /* OnboardingViewController.swift in Sources */ = {isa = PBXBuildFile; fileRef = B2BED8FE25E3E28D00B23A93 /* OnboardingViewController.swift */; };
		B2BED90225E3E28D00B23A93 /* Main.storyboard in Resources */ = {isa = PBXBuildFile; fileRef = B2BED90025E3E28D00B23A93 /* Main.storyboard */; };
		B2BED90425E3E28F00B23A93 /* Assets.xcassets in Resources */ = {isa = PBXBuildFile; fileRef = B2BED90325E3E28F00B23A93 /* Assets.xcassets */; };
		B2BED90725E3E28F00B23A93 /* LaunchScreen.storyboard in Resources */ = {isa = PBXBuildFile; fileRef = B2BED90525E3E28F00B23A93 /* LaunchScreen.storyboard */; };
		B2BED91C25E3E80F00B23A93 /* Alegreya-Italic.ttf in Resources */ = {isa = PBXBuildFile; fileRef = B2BED91125E3E80F00B23A93 /* Alegreya-Italic.ttf */; };
		B2BED91D25E3E80F00B23A93 /* Alegreya-ExtraBold.ttf in Resources */ = {isa = PBXBuildFile; fileRef = B2BED91225E3E80F00B23A93 /* Alegreya-ExtraBold.ttf */; };
		B2BED91E25E3E80F00B23A93 /* Alegreya-MediumItalic.ttf in Resources */ = {isa = PBXBuildFile; fileRef = B2BED91325E3E80F00B23A93 /* Alegreya-MediumItalic.ttf */; };
		B2BED91F25E3E80F00B23A93 /* Alegreya-ExtraBoldItalic.ttf in Resources */ = {isa = PBXBuildFile; fileRef = B2BED91425E3E80F00B23A93 /* Alegreya-ExtraBoldItalic.ttf */; };
		B2BED92025E3E80F00B23A93 /* Alegreya-Bold.ttf in Resources */ = {isa = PBXBuildFile; fileRef = B2BED91525E3E80F00B23A93 /* Alegreya-Bold.ttf */; };
		B2BED92125E3E80F00B23A93 /* Alegreya-BlackItalic.ttf in Resources */ = {isa = PBXBuildFile; fileRef = B2BED91625E3E80F00B23A93 /* Alegreya-BlackItalic.ttf */; };
		B2BED92225E3E80F00B23A93 /* Alegreya-BoldItalic.ttf in Resources */ = {isa = PBXBuildFile; fileRef = B2BED91725E3E80F00B23A93 /* Alegreya-BoldItalic.ttf */; };
		B2BED92325E3E80F00B23A93 /* Alegreya-Black.ttf in Resources */ = {isa = PBXBuildFile; fileRef = B2BED91825E3E80F00B23A93 /* Alegreya-Black.ttf */; };
		B2BED92425E3E80F00B23A93 /* OFL.txt in Resources */ = {isa = PBXBuildFile; fileRef = B2BED91925E3E80F00B23A93 /* OFL.txt */; };
		B2BED92525E3E80F00B23A93 /* Alegreya-Regular.ttf in Resources */ = {isa = PBXBuildFile; fileRef = B2BED91A25E3E80F00B23A93 /* Alegreya-Regular.ttf */; };
		B2BED92625E3E80F00B23A93 /* Alegreya-Medium.ttf in Resources */ = {isa = PBXBuildFile; fileRef = B2BED91B25E3E80F00B23A93 /* Alegreya-Medium.ttf */; };
/* End PBXBuildFile section */

/* Begin PBXFileReference section */
		B20FA25E25E526DE0055C132 /* MainViewController.swift */ = {isa = PBXFileReference; lastKnownFileType = sourcecode.swift; path = MainViewController.swift; sourceTree = "<group>"; };
		B20FA26125E52CE10055C132 /* QuotesCollectionViewCell.swift */ = {isa = PBXFileReference; lastKnownFileType = sourcecode.swift; path = QuotesCollectionViewCell.swift; sourceTree = "<group>"; };
		B20FA26225E52CE10055C132 /* QuotesCollectionViewCell.xib */ = {isa = PBXFileReference; lastKnownFileType = file.xib; path = QuotesCollectionViewCell.xib; sourceTree = "<group>"; };
		B20FA26625E53B510055C132 /* FeelingsCollectionViewCell.swift */ = {isa = PBXFileReference; lastKnownFileType = sourcecode.swift; path = FeelingsCollectionViewCell.swift; sourceTree = "<group>"; };
		B20FA26725E53B510055C132 /* FeelingsCollectionViewCell.xib */ = {isa = PBXFileReference; lastKnownFileType = file.xib; path = FeelingsCollectionViewCell.xib; sourceTree = "<group>"; };
		B2741A2125E40760002D92E4 /* LoginViewController.swift */ = {isa = PBXFileReference; lastKnownFileType = sourcecode.swift; path = LoginViewController.swift; sourceTree = "<group>"; };
		B2A405A825EE121400D90693 /* Feelings.swift */ = {isa = PBXFileReference; lastKnownFileType = sourcecode.swift; path = Feelings.swift; sourceTree = "<group>"; };
		B2A405AB25EE122200D90693 /* Quotes.swift */ = {isa = PBXFileReference; lastKnownFileType = sourcecode.swift; path = Quotes.swift; sourceTree = "<group>"; };
		B2BED8F725E3E28D00B23A93 /* MeditationApp.app */ = {isa = PBXFileReference; explicitFileType = wrapper.application; includeInIndex = 0; path = MeditationApp.app; sourceTree = BUILT_PRODUCTS_DIR; };
		B2BED8FA25E3E28D00B23A93 /* AppDelegate.swift */ = {isa = PBXFileReference; lastKnownFileType = sourcecode.swift; path = AppDelegate.swift; sourceTree = "<group>"; };
		B2BED8FC25E3E28D00B23A93 /* SceneDelegate.swift */ = {isa = PBXFileReference; lastKnownFileType = sourcecode.swift; path = SceneDelegate.swift; sourceTree = "<group>"; };
		B2BED8FE25E3E28D00B23A93 /* OnboardingViewController.swift */ = {isa = PBXFileReference; lastKnownFileType = sourcecode.swift; path = OnboardingViewController.swift; sourceTree = "<group>"; };
		B2BED90125E3E28D00B23A93 /* Base */ = {isa = PBXFileReference; lastKnownFileType = file.storyboard; name = Base; path = Base.lproj/Main.storyboard; sourceTree = "<group>"; };
		B2BED90325E3E28F00B23A93 /* Assets.xcassets */ = {isa = PBXFileReference; lastKnownFileType = folder.assetcatalog; path = Assets.xcassets; sourceTree = "<group>"; };
		B2BED90625E3E28F00B23A93 /* Base */ = {isa = PBXFileReference; lastKnownFileType = file.storyboard; name = Base; path = Base.lproj/LaunchScreen.storyboard; sourceTree = "<group>"; };
		B2BED90825E3E28F00B23A93 /* Info.plist */ = {isa = PBXFileReference; lastKnownFileType = text.plist.xml; path = Info.plist; sourceTree = "<group>"; };
		B2BED91125E3E80F00B23A93 /* Alegreya-Italic.ttf */ = {isa = PBXFileReference; lastKnownFileType = file; path = "Alegreya-Italic.ttf"; sourceTree = "<group>"; };
		B2BED91225E3E80F00B23A93 /* Alegreya-ExtraBold.ttf */ = {isa = PBXFileReference; lastKnownFileType = file; path = "Alegreya-ExtraBold.ttf"; sourceTree = "<group>"; };
		B2BED91325E3E80F00B23A93 /* Alegreya-MediumItalic.ttf */ = {isa = PBXFileReference; lastKnownFileType = file; path = "Alegreya-MediumItalic.ttf"; sourceTree = "<group>"; };
		B2BED91425E3E80F00B23A93 /* Alegreya-ExtraBoldItalic.ttf */ = {isa = PBXFileReference; lastKnownFileType = file; path = "Alegreya-ExtraBoldItalic.ttf"; sourceTree = "<group>"; };
		B2BED91525E3E80F00B23A93 /* Alegreya-Bold.ttf */ = {isa = PBXFileReference; lastKnownFileType = file; path = "Alegreya-Bold.ttf"; sourceTree = "<group>"; };
		B2BED91625E3E80F00B23A93 /* Alegreya-BlackItalic.ttf */ = {isa = PBXFileReference; lastKnownFileType = file; path = "Alegreya-BlackItalic.ttf"; sourceTree = "<group>"; };
		B2BED91725E3E80F00B23A93 /* Alegreya-BoldItalic.ttf */ = {isa = PBXFileReference; lastKnownFileType = file; path = "Alegreya-BoldItalic.ttf"; sourceTree = "<group>"; };
		B2BED91825E3E80F00B23A93 /* Alegreya-Black.ttf */ = {isa = PBXFileReference; lastKnownFileType = file; path = "Alegreya-Black.ttf"; sourceTree = "<group>"; };
		B2BED91925E3E80F00B23A93 /* OFL.txt */ = {isa = PBXFileReference; fileEncoding = 4; lastKnownFileType = text; path = OFL.txt; sourceTree = "<group>"; };
		B2BED91A25E3E80F00B23A93 /* Alegreya-Regular.ttf */ = {isa = PBXFileReference; lastKnownFileType = file; path = "Alegreya-Regular.ttf"; sourceTree = "<group>"; };
		B2BED91B25E3E80F00B23A93 /* Alegreya-Medium.ttf */ = {isa = PBXFileReference; lastKnownFileType = file; path = "Alegreya-Medium.ttf"; sourceTree = "<group>"; };
/* End PBXFileReference section */

/* Begin PBXFrameworksBuildPhase section */
		B2BED8F425E3E28D00B23A93 /* Frameworks */ = {
			isa = PBXFrameworksBuildPhase;
			buildActionMask = 2147483647;
			files = (
			);
			runOnlyForDeploymentPostprocessing = 0;
		};
/* End PBXFrameworksBuildPhase section */

/* Begin PBXGroup section */
		B2A4059825EE10F800D90693 /* Onboarding */ = {
			isa = PBXGroup;
			children = (
				B2BED8FE25E3E28D00B23A93 /* OnboardingViewController.swift */,
			);
			path = Onboarding;
			sourceTree = "<group>";
		};
		B2A4059925EE110300D90693 /* Login */ = {
			isa = PBXGroup;
			children = (
				B2741A2125E40760002D92E4 /* LoginViewController.swift */,
			);
			path = Login;
			sourceTree = "<group>";
		};
		B2A4059B25EE110E00D90693 /* Main */ = {
			isa = PBXGroup;
			children = (
				B20FA25E25E526DE0055C132 /* MainViewController.swift */,
				B2A4059D25EE117E00D90693 /* QuotesCell */,
				B2A405A025EE11BD00D90693 /* FeelingsCell */,
				B2A405A825EE121400D90693 /* Feelings.swift */,
				B2A405AB25EE122200D90693 /* Quotes.swift */,
			);
			path = Main;
			sourceTree = "<group>";
		};
		B2A4059C25EE111700D90693 /* Modules */ = {
			isa = PBXGroup;
			children = (
				B2A4059825EE10F800D90693 /* Onboarding */,
				B2A4059925EE110300D90693 /* Login */,
				B2A4059B25EE110E00D90693 /* Main */,
			);
			path = Modules;
			sourceTree = "<group>";
		};
		B2A4059D25EE117E00D90693 /* QuotesCell */ = {
			isa = PBXGroup;
			children = (
				B20FA26125E52CE10055C132 /* QuotesCollectionViewCell.swift */,
				B20FA26225E52CE10055C132 /* QuotesCollectionViewCell.xib */,
			);
			path = QuotesCell;
			sourceTree = "<group>";
		};
		B2A405A025EE11BD00D90693 /* FeelingsCell */ = {
			isa = PBXGroup;
			children = (
				B20FA26625E53B510055C132 /* FeelingsCollectionViewCell.swift */,
				B20FA26725E53B510055C132 /* FeelingsCollectionViewCell.xib */,
			);
			path = FeelingsCell;
			sourceTree = "<group>";
		};
		B2BED8EE25E3E28D00B23A93 = {
			isa = PBXGroup;
			children = (
				B2BED8F925E3E28D00B23A93 /* MeditationApp */,
				B2BED8F825E3E28D00B23A93 /* Products */,
			);
			sourceTree = "<group>";
		};
		B2BED8F825E3E28D00B23A93 /* Products */ = {
			isa = PBXGroup;
			children = (
				B2BED8F725E3E28D00B23A93 /* MeditationApp.app */,
			);
			name = Products;
			sourceTree = "<group>";
		};
		B2BED8F925E3E28D00B23A93 /* MeditationApp */ = {
			isa = PBXGroup;
			children = (
				B2BED8FA25E3E28D00B23A93 /* AppDelegate.swift */,
				B2BED8FC25E3E28D00B23A93 /* SceneDelegate.swift */,
				B2A4059C25EE111700D90693 /* Modules */,
				B2BED91025E3E80F00B23A93 /* Fonts-Alegreya */,
				B2BED90025E3E28D00B23A93 /* Main.storyboard */,
				B2BED90325E3E28F00B23A93 /* Assets.xcassets */,
				B2BED90525E3E28F00B23A93 /* LaunchScreen.storyboard */,
				B2BED90825E3E28F00B23A93 /* Info.plist */,
			);
			path = MeditationApp;
			sourceTree = "<group>";
		};
		B2BED91025E3E80F00B23A93 /* Fonts-Alegreya */ = {
			isa = PBXGroup;
			children = (
				B2BED91125E3E80F00B23A93 /* Alegreya-Italic.ttf */,
				B2BED91225E3E80F00B23A93 /* Alegreya-ExtraBold.ttf */,
				B2BED91325E3E80F00B23A93 /* Alegreya-MediumItalic.ttf */,
				B2BED91425E3E80F00B23A93 /* Alegreya-ExtraBoldItalic.ttf */,
				B2BED91525E3E80F00B23A93 /* Alegreya-Bold.ttf */,
				B2BED91625E3E80F00B23A93 /* Alegreya-BlackItalic.ttf */,
				B2BED91725E3E80F00B23A93 /* Alegreya-BoldItalic.ttf */,
				B2BED91825E3E80F00B23A93 /* Alegreya-Black.ttf */,
				B2BED91A25E3E80F00B23A93 /* Alegreya-Regular.ttf */,
				B2BED91B25E3E80F00B23A93 /* Alegreya-Medium.ttf */,
				B2BED91925E3E80F00B23A93 /* OFL.txt */,
			);
			path = "Fonts-Alegreya";
			sourceTree = "<group>";
		};
/* End PBXGroup section */

/* Begin PBXNativeTarget section */
		B2BED8F625E3E28D00B23A93 /* MeditationApp */ = {
			isa = PBXNativeTarget;
			buildConfigurationList = B2BED90B25E3E28F00B23A93 /* Build configuration list for PBXNativeTarget "MeditationApp" */;
			buildPhases = (
				B2BED8F325E3E28D00B23A93 /* Sources */,
				B2BED8F425E3E28D00B23A93 /* Frameworks */,
				B2BED8F525E3E28D00B23A93 /* Resources */,
			);
			buildRules = (
			);
			dependencies = (
			);
			name = MeditationApp;
			productName = MeditationApp;
			productReference = B2BED8F725E3E28D00B23A93 /* MeditationApp.app */;
			productType = "com.apple.product-type.application";
		};
/* End PBXNativeTarget section */

/* Begin PBXProject section */
		B2BED8EF25E3E28D00B23A93 /* Project object */ = {
			isa = PBXProject;
			attributes = {
				LastSwiftUpdateCheck = 1230;
				LastUpgradeCheck = 1230;
				TargetAttributes = {
					B2BED8F625E3E28D00B23A93 = {
						CreatedOnToolsVersion = 12.3;
					};
				};
			};
			buildConfigurationList = B2BED8F225E3E28D00B23A93 /* Build configuration list for PBXProject "MeditationApp" */;
			compatibilityVersion = "Xcode 9.3";
			developmentRegion = en;
			hasScannedForEncodings = 0;
			knownRegions = (
				en,
				Base,
			);
			mainGroup = B2BED8EE25E3E28D00B23A93;
			productRefGroup = B2BED8F825E3E28D00B23A93 /* Products */;
			projectDirPath = "";
			projectRoot = "";
			targets = (
				B2BED8F625E3E28D00B23A93 /* MeditationApp */,
			);
		};
/* End PBXProject section */

/* Begin PBXResourcesBuildPhase section */
		B2BED8F525E3E28D00B23A93 /* Resources */ = {
			isa = PBXResourcesBuildPhase;
			buildActionMask = 2147483647;
			files = (
				B2BED91C25E3E80F00B23A93 /* Alegreya-Italic.ttf in Resources */,
				B2BED92325E3E80F00B23A93 /* Alegreya-Black.ttf in Resources */,
				B2BED91E25E3E80F00B23A93 /* Alegreya-MediumItalic.ttf in Resources */,
				B20FA26925E53B510055C132 /* FeelingsCollectionViewCell.xib in Resources */,
				B2BED92625E3E80F00B23A93 /* Alegreya-Medium.ttf in Resources */,
				B2BED90725E3E28F00B23A93 /* LaunchScreen.storyboard in Resources */,
				B2BED91F25E3E80F00B23A93 /* Alegreya-ExtraBoldItalic.ttf in Resources */,
				B2BED92125E3E80F00B23A93 /* Alegreya-BlackItalic.ttf in Resources */,
				B2BED92425E3E80F00B23A93 /* OFL.txt in Resources */,
				B2BED91D25E3E80F00B23A93 /* Alegreya-ExtraBold.ttf in Resources */,
				B2BED92525E3E80F00B23A93 /* Alegreya-Regular.ttf in Resources */,
				B2BED92025E3E80F00B23A93 /* Alegreya-Bold.ttf in Resources */,
				B2BED90425E3E28F00B23A93 /* Assets.xcassets in Resources */,
				B2BED90225E3E28D00B23A93 /* Main.storyboard in Resources */,
				B2BED92225E3E80F00B23A93 /* Alegreya-BoldItalic.ttf in Resources */,
				B20FA26425E52CE10055C132 /* QuotesCollectionViewCell.xib in Resources */,
			);
			runOnlyForDeploymentPostprocessing = 0;
		};
/* End PBXResourcesBuildPhase section */

/* Begin PBXSourcesBuildPhase section */
		B2BED8F325E3E28D00B23A93 /* Sources */ = {
			isa = PBXSourcesBuildPhase;
			buildActionMask = 2147483647;
			files = (
				B2741A2225E40760002D92E4 /* LoginViewController.swift in Sources */,
				B2BED8FF25E3E28D00B23A93 /* OnboardingViewController.swift in Sources */,
				B20FA26825E53B510055C132 /* FeelingsCollectionViewCell.swift in Sources */,
				B20FA26325E52CE10055C132 /* QuotesCollectionViewCell.swift in Sources */,
				B2BED8FB25E3E28D00B23A93 /* AppDelegate.swift in Sources */,
				B2BED8FD25E3E28D00B23A93 /* SceneDelegate.swift in Sources */,
				B2A405A925EE121400D90693 /* Feelings.swift in Sources */,
				B20FA25F25E526DE0055C132 /* MainViewController.swift in Sources */,
				B2A405AC25EE122200D90693 /* Quotes.swift in Sources */,
			);
			runOnlyForDeploymentPostprocessing = 0;
		};
/* End PBXSourcesBuildPhase section */

/* Begin PBXVariantGroup section */
		B2BED90025E3E28D00B23A93 /* Main.storyboard */ = {
			isa = PBXVariantGroup;
			children = (
				B2BED90125E3E28D00B23A93 /* Base */,
			);
			name = Main.storyboard;
			sourceTree = "<group>";
		};
		B2BED90525E3E28F00B23A93 /* LaunchScreen.storyboard */ = {
			isa = PBXVariantGroup;
			children = (
				B2BED90625E3E28F00B23A93 /* Base */,
			);
			name = LaunchScreen.storyboard;
			sourceTree = "<group>";
		};
/* End PBXVariantGroup section */

/* Begin XCBuildConfiguration section */
		B2BED90925E3E28F00B23A93 /* Debug */ = {
			isa = XCBuildConfiguration;
			buildSettings = {
				ALWAYS_SEARCH_USER_PATHS = NO;
				CLANG_ANALYZER_NONNULL = YES;
				CLANG_ANALYZER_NUMBER_OBJECT_CONVERSION = YES_AGGRESSIVE;
				CLANG_CXX_LANGUAGE_STANDARD = "gnu++14";
				CLANG_CXX_LIBRARY = "libc++";
				CLANG_ENABLE_MODULES = YES;
				CLANG_ENABLE_OBJC_ARC = YES;
				CLANG_ENABLE_OBJC_WEAK = YES;
				CLANG_WARN_BLOCK_CAPTURE_AUTORELEASING = YES;
				CLANG_WARN_BOOL_CONVERSION = YES;
				CLANG_WARN_COMMA = YES;
				CLANG_WARN_CONSTANT_CONVERSION = YES;
				CLANG_WARN_DEPRECATED_OBJC_IMPLEMENTATIONS = YES;
				CLANG_WARN_DIRECT_OBJC_ISA_USAGE = YES_ERROR;
				CLANG_WARN_DOCUMENTATION_COMMENTS = YES;
				CLANG_WARN_EMPTY_BODY = YES;
				CLANG_WARN_ENUM_CONVERSION = YES;
				CLANG_WARN_INFINITE_RECURSION = YES;
				CLANG_WARN_INT_CONVERSION = YES;
				CLANG_WARN_NON_LITERAL_NULL_CONVERSION = YES;
				CLANG_WARN_OBJC_IMPLICIT_RETAIN_SELF = YES;
				CLANG_WARN_OBJC_LITERAL_CONVERSION = YES;
				CLANG_WARN_OBJC_ROOT_CLASS = YES_ERROR;
				CLANG_WARN_QUOTED_INCLUDE_IN_FRAMEWORK_HEADER = YES;
				CLANG_WARN_RANGE_LOOP_ANALYSIS = YES;
				CLANG_WARN_STRICT_PROTOTYPES = YES;
				CLANG_WARN_SUSPICIOUS_MOVE = YES;
				CLANG_WARN_UNGUARDED_AVAILABILITY = YES_AGGRESSIVE;
				CLANG_WARN_UNREACHABLE_CODE = YES;
				CLANG_WARN__DUPLICATE_METHOD_MATCH = YES;
				COPY_PHASE_STRIP = NO;
				DEBUG_INFORMATION_FORMAT = dwarf;
				ENABLE_STRICT_OBJC_MSGSEND = YES;
				ENABLE_TESTABILITY = YES;
				GCC_C_LANGUAGE_STANDARD = gnu11;
				GCC_DYNAMIC_NO_PIC = NO;
				GCC_NO_COMMON_BLOCKS = YES;
				GCC_OPTIMIZATION_LEVEL = 0;
				GCC_PREPROCESSOR_DEFINITIONS = (
					"DEBUG=1",
					"$(inherited)",
				);
				GCC_WARN_64_TO_32_BIT_CONVERSION = YES;
				GCC_WARN_ABOUT_RETURN_TYPE = YES_ERROR;
				GCC_WARN_UNDECLARED_SELECTOR = YES;
				GCC_WARN_UNINITIALIZED_AUTOS = YES_AGGRESSIVE;
				GCC_WARN_UNUSED_FUNCTION = YES;
				GCC_WARN_UNUSED_VARIABLE = YES;
				IPHONEOS_DEPLOYMENT_TARGET = 14.3;
				MTL_ENABLE_DEBUG_INFO = INCLUDE_SOURCE;
				MTL_FAST_MATH = YES;
				ONLY_ACTIVE_ARCH = YES;
				SDKROOT = iphoneos;
				SWIFT_ACTIVE_COMPILATION_CONDITIONS = DEBUG;
				SWIFT_OPTIMIZATION_LEVEL = "-Onone";
			};
			name = Debug;
		};
		B2BED90A25E3E28F00B23A93 /* Release */ = {
			isa = XCBuildConfiguration;
			buildSettings = {
				ALWAYS_SEARCH_USER_PATHS = NO;
				CLANG_ANALYZER_NONNULL = YES;
				CLANG_ANALYZER_NUMBER_OBJECT_CONVERSION = YES_AGGRESSIVE;
				CLANG_CXX_LANGUAGE_STANDARD = "gnu++14";
				CLANG_CXX_LIBRARY = "libc++";
				CLANG_ENABLE_MODULES = YES;
				CLANG_ENABLE_OBJC_ARC = YES;
				CLANG_ENABLE_OBJC_WEAK = YES;
				CLANG_WARN_BLOCK_CAPTURE_AUTORELEASING = YES;
				CLANG_WARN_BOOL_CONVERSION = YES;
				CLANG_WARN_COMMA = YES;
				CLANG_WARN_CONSTANT_CONVERSION = YES;
				CLANG_WARN_DEPRECATED_OBJC_IMPLEMENTATIONS = YES;
				CLANG_WARN_DIRECT_OBJC_ISA_USAGE = YES_ERROR;
				CLANG_WARN_DOCUMENTATION_COMMENTS = YES;
				CLANG_WARN_EMPTY_BODY = YES;
				CLANG_WARN_ENUM_CONVERSION = YES;
				CLANG_WARN_INFINITE_RECURSION = YES;
				CLANG_WARN_INT_CONVERSION = YES;
				CLANG_WARN_NON_LITERAL_NULL_CONVERSION = YES;
				CLANG_WARN_OBJC_IMPLICIT_RETAIN_SELF = YES;
				CLANG_WARN_OBJC_LITERAL_CONVERSION = YES;
				CLANG_WARN_OBJC_ROOT_CLASS = YES_ERROR;
				CLANG_WARN_QUOTED_INCLUDE_IN_FRAMEWORK_HEADER = YES;
				CLANG_WARN_RANGE_LOOP_ANALYSIS = YES;
				CLANG_WARN_STRICT_PROTOTYPES = YES;
				CLANG_WARN_SUSPICIOUS_MOVE = YES;
				CLANG_WARN_UNGUARDED_AVAILABILITY = YES_AGGRESSIVE;
				CLANG_WARN_UNREACHABLE_CODE = YES;
				CLANG_WARN__DUPLICATE_METHOD_MATCH = YES;
				COPY_PHASE_STRIP = NO;
				DEBUG_INFORMATION_FORMAT = "dwarf-with-dsym";
				ENABLE_NS_ASSERTIONS = NO;
				ENABLE_STRICT_OBJC_MSGSEND = YES;
				GCC_C_LANGUAGE_STANDARD = gnu11;
				GCC_NO_COMMON_BLOCKS = YES;
				GCC_WARN_64_TO_32_BIT_CONVERSION = YES;
				GCC_WARN_ABOUT_RETURN_TYPE = YES_ERROR;
				GCC_WARN_UNDECLARED_SELECTOR = YES;
				GCC_WARN_UNINITIALIZED_AUTOS = YES_AGGRESSIVE;
				GCC_WARN_UNUSED_FUNCTION = YES;
				GCC_WARN_UNUSED_VARIABLE = YES;
				IPHONEOS_DEPLOYMENT_TARGET = 14.3;
				MTL_ENABLE_DEBUG_INFO = NO;
				MTL_FAST_MATH = YES;
				SDKROOT = iphoneos;
				SWIFT_COMPILATION_MODE = wholemodule;
				SWIFT_OPTIMIZATION_LEVEL = "-O";
				VALIDATE_PRODUCT = YES;
			};
			name = Release;
		};
		B2BED90C25E3E28F00B23A93 /* Debug */ = {
			isa = XCBuildConfiguration;
			buildSettings = {
				ASSETCATALOG_COMPILER_APPICON_NAME = AppIcon;
				ASSETCATALOG_COMPILER_GLOBAL_ACCENT_COLOR_NAME = AccentColor;
				CODE_SIGN_STYLE = Automatic;
				DEVELOPMENT_TEAM = S9V323B2TN;
				INFOPLIST_FILE = MeditationApp/Info.plist;
				IPHONEOS_DEPLOYMENT_TARGET = 13.0;
				LD_RUNPATH_SEARCH_PATHS = (
					"$(inherited)",
					"@executable_path/Frameworks",
				);
				PRODUCT_BUNDLE_IDENTIFIER = almatkulbaev.MeditationApp;
				PRODUCT_NAME = "$(TARGET_NAME)";
				SWIFT_VERSION = 5.0;
				TARGETED_DEVICE_FAMILY = 1;
			};
			name = Debug;
		};
		B2BED90D25E3E28F00B23A93 /* Release */ = {
			isa = XCBuildConfiguration;
			buildSettings = {
				ASSETCATALOG_COMPILER_APPICON_NAME = AppIcon;
				ASSETCATALOG_COMPILER_GLOBAL_ACCENT_COLOR_NAME = AccentColor;
				CODE_SIGN_STYLE = Automatic;
				DEVELOPMENT_TEAM = S9V323B2TN;
				INFOPLIST_FILE = MeditationApp/Info.plist;
				IPHONEOS_DEPLOYMENT_TARGET = 13.0;
				LD_RUNPATH_SEARCH_PATHS = (
					"$(inherited)",
					"@executable_path/Frameworks",
				);
				PRODUCT_BUNDLE_IDENTIFIER = almatkulbaev.MeditationApp;
				PRODUCT_NAME = "$(TARGET_NAME)";
				SWIFT_VERSION = 5.0;
				TARGETED_DEVICE_FAMILY = 1;
			};
			name = Release;
		};
/* End XCBuildConfiguration section */

/* Begin XCConfigurationList section */
		B2BED8F225E3E28D00B23A93 /* Build configuration list for PBXProject "MeditationApp" */ = {
			isa = XCConfigurationList;
			buildConfigurations = (
				B2BED90925E3E28F00B23A93 /* Debug */,
				B2BED90A25E3E28F00B23A93 /* Release */,
			);
			defaultConfigurationIsVisible = 0;
			defaultConfigurationName = Release;
		};
		B2BED90B25E3E28F00B23A93 /* Build configuration list for PBXNativeTarget "MeditationApp" */ = {
			isa = XCConfigurationList;
			buildConfigurations = (
				B2BED90C25E3E28F00B23A93 /* Debug */,
				B2BED90D25E3E28F00B23A93 /* Release */,
			);
			defaultConfigurationIsVisible = 0;
			defaultConfigurationName = Release;
		};
/* End XCConfigurationList section */
	};
	rootObject = B2BED8EF25E3E28D00B23A93 /* Project object */;
}
